
Microsoft Visual Studio Solution File, Format Version 12.00
# Visual Studio 15
VisualStudioVersion = 15.0.27004.2009
MinimumVisualStudioVersion = 10.0.40219.1
Project("{9A19103F-16F7-4668-BE54-9A1E7A4F7556}") = "Main", "Main\Main.csproj", "{5816E240-2D22-4300-8CD0-06FB63534F4F}"
EndProject
Project("{9A19103F-16F7-4668-BE54-9A1E7A4F7556}") = "Shared", "Shared\Shared.csproj", "{FE076F1A-9296-4942-B8EA-DB26D1ABEA06}"
EndProject
Project("{9A19103F-16F7-4668-BE54-9A1E7A4F7556}") = "AppDb", "AppDb\AppDb.csproj", "{7E0F9719-59F6-4666-8BCB-EE29E4824F4C}"
EndProject
Project("{9A19103F-16F7-4668-BE54-9A1E7A4F7556}") = "AppModel", "AppModel\AppModel.csproj", "{A2A65FA7-FBF8-4360-BFC7-F2593DD3414F}"
EndProject
Project("{2150E333-8FDC-42A3-9474-1A3956D46DE8}") = "micro-services", "micro-services", "{FA3975FA-44D0-4DFB-9D25-4AD7ACD27C79}"
EndProject
Project("{9A19103F-16F7-4668-BE54-9A1E7A4F7556}") = "RealTimeMicroService", "micro-services\RealTimeMicroService\RealTimeMicroService.csproj", "{CE40512F-A19A-4205-B677-6CEEF9C70074}"
EndProject
Project("{2150E333-8FDC-42A3-9474-1A3956D46DE8}") = "authentication-service", "authentication-service", "{EDB36A31-4BD9-49F4-93FD-8FD6374C0168}"
EndProject
Project("{9A19103F-16F7-4668-BE54-9A1E7A4F7556}") = "AuthenticationMicroService", "micro-services\authentication-service\AuthenticationMicroService\AuthenticationMicroService.csproj", "{DAACAACC-6A06-4B98-8DB6-367393A9BC22}"
EndProject
<<<<<<< HEAD
Project("{9A19103F-16F7-4668-BE54-9A1E7A4F7556}") = "AuthenticationDb", "micro-services\authentication-service\AuthenticationDb\AuthenticationDb.csproj", "{19B19F9B-C1AB-45CB-925E-CA4E5A4040C6}"
EndProject
Project("{9A19103F-16F7-4668-BE54-9A1E7A4F7556}") = "AuthenticationModel", "micro-services\authentication-service\AuthenticationModel\AuthenticationModel.csproj", "{26550CDA-9E2E-4290-9C3B-F6A92F336A35}"
EndProject
Project("{FAE04EC0-301F-11D3-BF4B-00C04F79EFBC}") = "AuthenticationShared", "micro-services\authentication-service\AuthenticationShared\AuthenticationShared.csproj", "{FAFA531C-CCA5-4598-91D4-9410304CC8E1}"
=======
Project("{FAE04EC0-301F-11D3-BF4B-00C04F79EFBC}") = "AppBusiness", "AppBusiness\AppBusiness.csproj", "{4A45246F-86CA-4B29-9093-E70BAE16F6AA}"
>>>>>>> dfacd47b7c43b5182e873b2251ca7ef2c825a6e6
EndProject
Global
	GlobalSection(SolutionConfigurationPlatforms) = preSolution
		Allow anonymous|Any CPU = Allow anonymous|Any CPU
		Debug|Any CPU = Debug|Any CPU
		Release|Any CPU = Release|Any CPU
	EndGlobalSection
	GlobalSection(ProjectConfigurationPlatforms) = postSolution
		{5816E240-2D22-4300-8CD0-06FB63534F4F}.Allow anonymous|Any CPU.ActiveCfg = Allow anonymous|Any CPU
		{5816E240-2D22-4300-8CD0-06FB63534F4F}.Allow anonymous|Any CPU.Build.0 = Allow anonymous|Any CPU
		{5816E240-2D22-4300-8CD0-06FB63534F4F}.Debug|Any CPU.ActiveCfg = Debug|Any CPU
		{5816E240-2D22-4300-8CD0-06FB63534F4F}.Debug|Any CPU.Build.0 = Debug|Any CPU
		{5816E240-2D22-4300-8CD0-06FB63534F4F}.Release|Any CPU.ActiveCfg = Release|Any CPU
		{5816E240-2D22-4300-8CD0-06FB63534F4F}.Release|Any CPU.Build.0 = Release|Any CPU
		{FE076F1A-9296-4942-B8EA-DB26D1ABEA06}.Allow anonymous|Any CPU.ActiveCfg = Allow anonymous|Any CPU
		{FE076F1A-9296-4942-B8EA-DB26D1ABEA06}.Allow anonymous|Any CPU.Build.0 = Allow anonymous|Any CPU
		{FE076F1A-9296-4942-B8EA-DB26D1ABEA06}.Debug|Any CPU.ActiveCfg = Debug|Any CPU
		{FE076F1A-9296-4942-B8EA-DB26D1ABEA06}.Debug|Any CPU.Build.0 = Debug|Any CPU
		{FE076F1A-9296-4942-B8EA-DB26D1ABEA06}.Release|Any CPU.ActiveCfg = Release|Any CPU
		{FE076F1A-9296-4942-B8EA-DB26D1ABEA06}.Release|Any CPU.Build.0 = Release|Any CPU
		{7E0F9719-59F6-4666-8BCB-EE29E4824F4C}.Allow anonymous|Any CPU.ActiveCfg = Allow anonymous|Any CPU
		{7E0F9719-59F6-4666-8BCB-EE29E4824F4C}.Allow anonymous|Any CPU.Build.0 = Allow anonymous|Any CPU
		{7E0F9719-59F6-4666-8BCB-EE29E4824F4C}.Debug|Any CPU.ActiveCfg = Debug|Any CPU
		{7E0F9719-59F6-4666-8BCB-EE29E4824F4C}.Debug|Any CPU.Build.0 = Debug|Any CPU
		{7E0F9719-59F6-4666-8BCB-EE29E4824F4C}.Release|Any CPU.ActiveCfg = Release|Any CPU
		{7E0F9719-59F6-4666-8BCB-EE29E4824F4C}.Release|Any CPU.Build.0 = Release|Any CPU
		{A2A65FA7-FBF8-4360-BFC7-F2593DD3414F}.Allow anonymous|Any CPU.ActiveCfg = Debug|Any CPU
		{A2A65FA7-FBF8-4360-BFC7-F2593DD3414F}.Allow anonymous|Any CPU.Build.0 = Debug|Any CPU
		{A2A65FA7-FBF8-4360-BFC7-F2593DD3414F}.Debug|Any CPU.ActiveCfg = Debug|Any CPU
		{A2A65FA7-FBF8-4360-BFC7-F2593DD3414F}.Debug|Any CPU.Build.0 = Debug|Any CPU
		{A2A65FA7-FBF8-4360-BFC7-F2593DD3414F}.Release|Any CPU.ActiveCfg = Release|Any CPU
		{A2A65FA7-FBF8-4360-BFC7-F2593DD3414F}.Release|Any CPU.Build.0 = Release|Any CPU
		{CE40512F-A19A-4205-B677-6CEEF9C70074}.Allow anonymous|Any CPU.ActiveCfg = Debug|Any CPU
		{CE40512F-A19A-4205-B677-6CEEF9C70074}.Allow anonymous|Any CPU.Build.0 = Debug|Any CPU
		{CE40512F-A19A-4205-B677-6CEEF9C70074}.Debug|Any CPU.ActiveCfg = Debug|Any CPU
		{CE40512F-A19A-4205-B677-6CEEF9C70074}.Debug|Any CPU.Build.0 = Debug|Any CPU
		{CE40512F-A19A-4205-B677-6CEEF9C70074}.Release|Any CPU.ActiveCfg = Release|Any CPU
		{CE40512F-A19A-4205-B677-6CEEF9C70074}.Release|Any CPU.Build.0 = Release|Any CPU
		{DAACAACC-6A06-4B98-8DB6-367393A9BC22}.Allow anonymous|Any CPU.ActiveCfg = Debug|Any CPU
		{DAACAACC-6A06-4B98-8DB6-367393A9BC22}.Allow anonymous|Any CPU.Build.0 = Debug|Any CPU
		{DAACAACC-6A06-4B98-8DB6-367393A9BC22}.Debug|Any CPU.ActiveCfg = Debug|Any CPU
		{DAACAACC-6A06-4B98-8DB6-367393A9BC22}.Debug|Any CPU.Build.0 = Debug|Any CPU
		{DAACAACC-6A06-4B98-8DB6-367393A9BC22}.Release|Any CPU.ActiveCfg = Release|Any CPU
		{DAACAACC-6A06-4B98-8DB6-367393A9BC22}.Release|Any CPU.Build.0 = Release|Any CPU
<<<<<<< HEAD
		{19B19F9B-C1AB-45CB-925E-CA4E5A4040C6}.Allow anonymous|Any CPU.ActiveCfg = Debug|Any CPU
		{19B19F9B-C1AB-45CB-925E-CA4E5A4040C6}.Allow anonymous|Any CPU.Build.0 = Debug|Any CPU
		{19B19F9B-C1AB-45CB-925E-CA4E5A4040C6}.Debug|Any CPU.ActiveCfg = Debug|Any CPU
		{19B19F9B-C1AB-45CB-925E-CA4E5A4040C6}.Debug|Any CPU.Build.0 = Debug|Any CPU
		{19B19F9B-C1AB-45CB-925E-CA4E5A4040C6}.Release|Any CPU.ActiveCfg = Release|Any CPU
		{19B19F9B-C1AB-45CB-925E-CA4E5A4040C6}.Release|Any CPU.Build.0 = Release|Any CPU
		{26550CDA-9E2E-4290-9C3B-F6A92F336A35}.Allow anonymous|Any CPU.ActiveCfg = Debug|Any CPU
		{26550CDA-9E2E-4290-9C3B-F6A92F336A35}.Allow anonymous|Any CPU.Build.0 = Debug|Any CPU
		{26550CDA-9E2E-4290-9C3B-F6A92F336A35}.Debug|Any CPU.ActiveCfg = Debug|Any CPU
		{26550CDA-9E2E-4290-9C3B-F6A92F336A35}.Debug|Any CPU.Build.0 = Debug|Any CPU
		{26550CDA-9E2E-4290-9C3B-F6A92F336A35}.Release|Any CPU.ActiveCfg = Release|Any CPU
		{26550CDA-9E2E-4290-9C3B-F6A92F336A35}.Release|Any CPU.Build.0 = Release|Any CPU
		{FAFA531C-CCA5-4598-91D4-9410304CC8E1}.Allow anonymous|Any CPU.ActiveCfg = Debug|Any CPU
		{FAFA531C-CCA5-4598-91D4-9410304CC8E1}.Allow anonymous|Any CPU.Build.0 = Debug|Any CPU
		{FAFA531C-CCA5-4598-91D4-9410304CC8E1}.Debug|Any CPU.ActiveCfg = Debug|Any CPU
		{FAFA531C-CCA5-4598-91D4-9410304CC8E1}.Debug|Any CPU.Build.0 = Debug|Any CPU
		{FAFA531C-CCA5-4598-91D4-9410304CC8E1}.Release|Any CPU.ActiveCfg = Release|Any CPU
		{FAFA531C-CCA5-4598-91D4-9410304CC8E1}.Release|Any CPU.Build.0 = Release|Any CPU
=======
		{4A45246F-86CA-4B29-9093-E70BAE16F6AA}.Allow anonymous|Any CPU.ActiveCfg = Debug|Any CPU
		{4A45246F-86CA-4B29-9093-E70BAE16F6AA}.Allow anonymous|Any CPU.Build.0 = Debug|Any CPU
		{4A45246F-86CA-4B29-9093-E70BAE16F6AA}.Debug|Any CPU.ActiveCfg = Debug|Any CPU
		{4A45246F-86CA-4B29-9093-E70BAE16F6AA}.Debug|Any CPU.Build.0 = Debug|Any CPU
		{4A45246F-86CA-4B29-9093-E70BAE16F6AA}.Release|Any CPU.ActiveCfg = Release|Any CPU
		{4A45246F-86CA-4B29-9093-E70BAE16F6AA}.Release|Any CPU.Build.0 = Release|Any CPU
>>>>>>> dfacd47b7c43b5182e873b2251ca7ef2c825a6e6
	EndGlobalSection
	GlobalSection(SolutionProperties) = preSolution
		HideSolutionNode = FALSE
	EndGlobalSection
	GlobalSection(NestedProjects) = preSolution
		{CE40512F-A19A-4205-B677-6CEEF9C70074} = {FA3975FA-44D0-4DFB-9D25-4AD7ACD27C79}
		{EDB36A31-4BD9-49F4-93FD-8FD6374C0168} = {FA3975FA-44D0-4DFB-9D25-4AD7ACD27C79}
		{DAACAACC-6A06-4B98-8DB6-367393A9BC22} = {EDB36A31-4BD9-49F4-93FD-8FD6374C0168}
		{19B19F9B-C1AB-45CB-925E-CA4E5A4040C6} = {EDB36A31-4BD9-49F4-93FD-8FD6374C0168}
		{26550CDA-9E2E-4290-9C3B-F6A92F336A35} = {EDB36A31-4BD9-49F4-93FD-8FD6374C0168}
		{FAFA531C-CCA5-4598-91D4-9410304CC8E1} = {EDB36A31-4BD9-49F4-93FD-8FD6374C0168}
	EndGlobalSection
	GlobalSection(ExtensibilityGlobals) = postSolution
		SolutionGuid = {50F70D8B-B4D7-46D5-86B2-F85DCC78DCC4}
	EndGlobalSection
EndGlobal
